// !$*UTF8*$!
{
	archiveVersion = 1;
	classes = {
	};
	objectVersion = 51;
	objects = {

/* Begin PBXBuildFile section */
		5EB7BDC82A0FB7E683BB3008 /* Pods_livetyping.framework in Frameworks */ = {isa = PBXBuildFile; fileRef = 336B5AC75E45D149FEBAD74D /* Pods_livetyping.framework */; };
		A72A7EBC239664E9001F4C8E /* AppDelegate.swift in Sources */ = {isa = PBXBuildFile; fileRef = A72A7EBB239664E9001F4C8E /* AppDelegate.swift */; };
		A72A7EBE239664E9001F4C8E /* DrinksListViewController.swift in Sources */ = {isa = PBXBuildFile; fileRef = A72A7EBD239664E9001F4C8E /* DrinksListViewController.swift */; };
		A72A7EC1239664E9001F4C8E /* Main.storyboard in Resources */ = {isa = PBXBuildFile; fileRef = A72A7EBF239664E9001F4C8E /* Main.storyboard */; };
		A72A7EC3239664EB001F4C8E /* Assets.xcassets in Resources */ = {isa = PBXBuildFile; fileRef = A72A7EC2239664EB001F4C8E /* Assets.xcassets */; };
		A72A7EC6239664EB001F4C8E /* LaunchScreen.storyboard in Resources */ = {isa = PBXBuildFile; fileRef = A72A7EC4239664EB001F4C8E /* LaunchScreen.storyboard */; };
		A7E415582399298D00FB16E3 /* CocktailService.swift in Sources */ = {isa = PBXBuildFile; fileRef = A7E415572399298D00FB16E3 /* CocktailService.swift */; };
		A7E4155C2399482E00FB16E3 /* CocktailDBList.swift in Sources */ = {isa = PBXBuildFile; fileRef = A7E4155B2399482E00FB16E3 /* CocktailDBList.swift */; };
		A7E4155E239949D600FB16E3 /* NetworkProvider.swift in Sources */ = {isa = PBXBuildFile; fileRef = A7E4155D239949D600FB16E3 /* NetworkProvider.swift */; };
		A7E4156023994E7100FB16E3 /* Cocktail.swift in Sources */ = {isa = PBXBuildFile; fileRef = A7E4155F23994E7100FB16E3 /* Cocktail.swift */; };
		A7E4156223994E7900FB16E3 /* Category.swift in Sources */ = {isa = PBXBuildFile; fileRef = A7E4156123994E7900FB16E3 /* Category.swift */; };
		A7E41564239958B900FB16E3 /* CocktailsDataSource.swift in Sources */ = {isa = PBXBuildFile; fileRef = A7E41563239958B900FB16E3 /* CocktailsDataSource.swift */; };
		A7E41566239A796300FB16E3 /* DrinksListTableViewManager.swift in Sources */ = {isa = PBXBuildFile; fileRef = A7E41565239A796300FB16E3 /* DrinksListTableViewManager.swift */; };
		A7E416C9239FD27700FB16E3 /* FiltersListViewController.swift in Sources */ = {isa = PBXBuildFile; fileRef = A7E416C8239FD27700FB16E3 /* FiltersListViewController.swift */; };
		A7E416EB239FEC5600FB16E3 /* Filters.storyboard in Resources */ = {isa = PBXBuildFile; fileRef = A7E416EA239FEC5600FB16E3 /* Filters.storyboard */; };
		A7E416F0239FF07E00FB16E3 /* FilterTableViewCell.swift in Sources */ = {isa = PBXBuildFile; fileRef = A7E416EE239FF07E00FB16E3 /* FilterTableViewCell.swift */; };
		A7E416F1239FF07E00FB16E3 /* FilterTableViewCell.xib in Resources */ = {isa = PBXBuildFile; fileRef = A7E416EF239FF07E00FB16E3 /* FilterTableViewCell.xib */; };
		A7E416F5239FF09500FB16E3 /* DrinksTableViewCell.swift in Sources */ = {isa = PBXBuildFile; fileRef = A7E416F3239FF09400FB16E3 /* DrinksTableViewCell.swift */; };
		A7E416F6239FF09500FB16E3 /* DrinksTableViewCell.xib in Resources */ = {isa = PBXBuildFile; fileRef = A7E416F4239FF09400FB16E3 /* DrinksTableViewCell.xib */; };
		A7E416F9239FF41900FB16E3 /* UIView+Extension.swift in Sources */ = {isa = PBXBuildFile; fileRef = A7E416F8239FF41900FB16E3 /* UIView+Extension.swift */; };
/* End PBXBuildFile section */

/* Begin PBXFileReference section */
		336B5AC75E45D149FEBAD74D /* Pods_livetyping.framework */ = {isa = PBXFileReference; explicitFileType = wrapper.framework; includeInIndex = 0; path = Pods_livetyping.framework; sourceTree = BUILT_PRODUCTS_DIR; };
		806B58780616FBE12A5D185B /* Pods-livetyping.release.xcconfig */ = {isa = PBXFileReference; includeInIndex = 1; lastKnownFileType = text.xcconfig; name = "Pods-livetyping.release.xcconfig"; path = "Target Support Files/Pods-livetyping/Pods-livetyping.release.xcconfig"; sourceTree = "<group>"; };
		A72A7EB8239664E9001F4C8E /* livetyping.app */ = {isa = PBXFileReference; explicitFileType = wrapper.application; includeInIndex = 0; path = livetyping.app; sourceTree = BUILT_PRODUCTS_DIR; };
		A72A7EBB239664E9001F4C8E /* AppDelegate.swift */ = {isa = PBXFileReference; lastKnownFileType = sourcecode.swift; path = AppDelegate.swift; sourceTree = "<group>"; };
		A72A7EBD239664E9001F4C8E /* DrinksListViewController.swift */ = {isa = PBXFileReference; lastKnownFileType = sourcecode.swift; path = DrinksListViewController.swift; sourceTree = "<group>"; };
		A72A7EC0239664E9001F4C8E /* Base */ = {isa = PBXFileReference; lastKnownFileType = file.storyboard; name = Base; path = Base.lproj/Main.storyboard; sourceTree = "<group>"; };
		A72A7EC2239664EB001F4C8E /* Assets.xcassets */ = {isa = PBXFileReference; lastKnownFileType = folder.assetcatalog; path = Assets.xcassets; sourceTree = "<group>"; };
		A72A7EC5239664EB001F4C8E /* Base */ = {isa = PBXFileReference; lastKnownFileType = file.storyboard; name = Base; path = Base.lproj/LaunchScreen.storyboard; sourceTree = "<group>"; };
		A72A7EC7239664EB001F4C8E /* Info.plist */ = {isa = PBXFileReference; lastKnownFileType = text.plist.xml; path = Info.plist; sourceTree = "<group>"; };
		A7E415572399298D00FB16E3 /* CocktailService.swift */ = {isa = PBXFileReference; lastKnownFileType = sourcecode.swift; path = CocktailService.swift; sourceTree = "<group>"; };
		A7E4155B2399482E00FB16E3 /* CocktailDBList.swift */ = {isa = PBXFileReference; lastKnownFileType = sourcecode.swift; path = CocktailDBList.swift; sourceTree = "<group>"; };
		A7E4155D239949D600FB16E3 /* NetworkProvider.swift */ = {isa = PBXFileReference; lastKnownFileType = sourcecode.swift; path = NetworkProvider.swift; sourceTree = "<group>"; };
		A7E4155F23994E7100FB16E3 /* Cocktail.swift */ = {isa = PBXFileReference; lastKnownFileType = sourcecode.swift; path = Cocktail.swift; sourceTree = "<group>"; };
		A7E4156123994E7900FB16E3 /* Category.swift */ = {isa = PBXFileReference; lastKnownFileType = sourcecode.swift; path = Category.swift; sourceTree = "<group>"; };
		A7E41563239958B900FB16E3 /* CocktailsDataSource.swift */ = {isa = PBXFileReference; lastKnownFileType = sourcecode.swift; path = CocktailsDataSource.swift; sourceTree = "<group>"; };
		A7E41565239A796300FB16E3 /* DrinksListTableViewManager.swift */ = {isa = PBXFileReference; lastKnownFileType = sourcecode.swift; path = DrinksListTableViewManager.swift; sourceTree = "<group>"; };
		A7E416C8239FD27700FB16E3 /* FiltersListViewController.swift */ = {isa = PBXFileReference; lastKnownFileType = sourcecode.swift; path = FiltersListViewController.swift; sourceTree = "<group>"; };
		A7E416EA239FEC5600FB16E3 /* Filters.storyboard */ = {isa = PBXFileReference; lastKnownFileType = file.storyboard; path = Filters.storyboard; sourceTree = "<group>"; };
		A7E416EE239FF07E00FB16E3 /* FilterTableViewCell.swift */ = {isa = PBXFileReference; lastKnownFileType = sourcecode.swift; path = FilterTableViewCell.swift; sourceTree = "<group>"; };
		A7E416EF239FF07E00FB16E3 /* FilterTableViewCell.xib */ = {isa = PBXFileReference; lastKnownFileType = file.xib; path = FilterTableViewCell.xib; sourceTree = "<group>"; };
		A7E416F3239FF09400FB16E3 /* DrinksTableViewCell.swift */ = {isa = PBXFileReference; lastKnownFileType = sourcecode.swift; path = DrinksTableViewCell.swift; sourceTree = "<group>"; };
		A7E416F4239FF09400FB16E3 /* DrinksTableViewCell.xib */ = {isa = PBXFileReference; lastKnownFileType = file.xib; path = DrinksTableViewCell.xib; sourceTree = "<group>"; };
		A7E416F8239FF41900FB16E3 /* UIView+Extension.swift */ = {isa = PBXFileReference; lastKnownFileType = sourcecode.swift; path = "UIView+Extension.swift"; sourceTree = "<group>"; };
		A9A9543BB819DB0F2E606F66 /* Pods-livetyping.debug.xcconfig */ = {isa = PBXFileReference; includeInIndex = 1; lastKnownFileType = text.xcconfig; name = "Pods-livetyping.debug.xcconfig"; path = "Target Support Files/Pods-livetyping/Pods-livetyping.debug.xcconfig"; sourceTree = "<group>"; };
/* End PBXFileReference section */

/* Begin PBXFrameworksBuildPhase section */
		A72A7EB5239664E9001F4C8E /* Frameworks */ = {
			isa = PBXFrameworksBuildPhase;
			buildActionMask = 2147483647;
			files = (
				5EB7BDC82A0FB7E683BB3008 /* Pods_livetyping.framework in Frameworks */,
			);
			runOnlyForDeploymentPostprocessing = 0;
		};
/* End PBXFrameworksBuildPhase section */

/* Begin PBXGroup section */
		341511BAE9EB1F502F76CA9C /* Frameworks */ = {
			isa = PBXGroup;
			children = (
				336B5AC75E45D149FEBAD74D /* Pods_livetyping.framework */,
			);
			name = Frameworks;
			sourceTree = "<group>";
		};
		A72A7EAF239664E9001F4C8E = {
			isa = PBXGroup;
			children = (
				A72A7EBA239664E9001F4C8E /* livetyping */,
				A72A7EB9239664E9001F4C8E /* Products */,
				D2047EA6FA7F822A48A7C25E /* Pods */,
				341511BAE9EB1F502F76CA9C /* Frameworks */,
			);
			sourceTree = "<group>";
		};
		A72A7EB9239664E9001F4C8E /* Products */ = {
			isa = PBXGroup;
			children = (
				A72A7EB8239664E9001F4C8E /* livetyping.app */,
			);
			name = Products;
			sourceTree = "<group>";
		};
		A72A7EBA239664E9001F4C8E /* livetyping */ = {
			isa = PBXGroup;
			children = (
				A7E415532398FAC900FB16E3 /* Classes */,
				A72A7EBB239664E9001F4C8E /* AppDelegate.swift */,
				A7E416C8239FD27700FB16E3 /* FiltersListViewController.swift */,
				A72A7EBD239664E9001F4C8E /* DrinksListViewController.swift */,
				A72A7EBF239664E9001F4C8E /* Main.storyboard */,
				A7E416EA239FEC5600FB16E3 /* Filters.storyboard */,
				A72A7EC2239664EB001F4C8E /* Assets.xcassets */,
				A72A7EC4239664EB001F4C8E /* LaunchScreen.storyboard */,
				A72A7EC7239664EB001F4C8E /* Info.plist */,
			);
			path = livetyping;
			sourceTree = "<group>";
		};
		A7E415532398FAC900FB16E3 /* Classes */ = {
			isa = PBXGroup;
			children = (
				A7E416F7239FF40300FB16E3 /* Extensions */,
				A7E415562399294900FB16E3 /* Requests */,
				A7E415552398FAEB00FB16E3 /* Views */,
				A7E415542398FAE500FB16E3 /* Models */,
				A7E41565239A796300FB16E3 /* DrinksListTableViewManager.swift */,
			);
			path = Classes;
			sourceTree = "<group>";
		};
		A7E415542398FAE500FB16E3 /* Models */ = {
			isa = PBXGroup;
			children = (
				A7E4155B2399482E00FB16E3 /* CocktailDBList.swift */,
				A7E4155F23994E7100FB16E3 /* Cocktail.swift */,
				A7E4156123994E7900FB16E3 /* Category.swift */,
				A7E41563239958B900FB16E3 /* CocktailsDataSource.swift */,
			);
			path = Models;
			sourceTree = "<group>";
		};
		A7E415552398FAEB00FB16E3 /* Views */ = {
			isa = PBXGroup;
			children = (
				A7E416EC239FF05800FB16E3 /* Cells */,
			);
			path = Views;
			sourceTree = "<group>";
		};
		A7E415562399294900FB16E3 /* Requests */ = {
			isa = PBXGroup;
			children = (
				A7E415572399298D00FB16E3 /* CocktailService.swift */,
				A7E4155D239949D600FB16E3 /* NetworkProvider.swift */,
			);
			path = Requests;
			sourceTree = "<group>";
		};
		A7E416EC239FF05800FB16E3 /* Cells */ = {
			isa = PBXGroup;
			children = (
				A7E416F2239FF08200FB16E3 /* DrinksCell */,
				A7E416ED239FF06400FB16E3 /* FilterCell */,
			);
			path = Cells;
			sourceTree = "<group>";
		};
		A7E416ED239FF06400FB16E3 /* FilterCell */ = {
			isa = PBXGroup;
			children = (
				A7E416EE239FF07E00FB16E3 /* FilterTableViewCell.swift */,
				A7E416EF239FF07E00FB16E3 /* FilterTableViewCell.xib */,
			);
			path = FilterCell;
			sourceTree = "<group>";
		};
		A7E416F2239FF08200FB16E3 /* DrinksCell */ = {
			isa = PBXGroup;
			children = (
				A7E416F3239FF09400FB16E3 /* DrinksTableViewCell.swift */,
				A7E416F4239FF09400FB16E3 /* DrinksTableViewCell.xib */,
			);
			path = DrinksCell;
			sourceTree = "<group>";
		};
		A7E416F7239FF40300FB16E3 /* Extensions */ = {
			isa = PBXGroup;
			children = (
				A7E416F8239FF41900FB16E3 /* UIView+Extension.swift */,
			);
			path = Extensions;
			sourceTree = "<group>";
		};
		D2047EA6FA7F822A48A7C25E /* Pods */ = {
			isa = PBXGroup;
			children = (
				A9A9543BB819DB0F2E606F66 /* Pods-livetyping.debug.xcconfig */,
				806B58780616FBE12A5D185B /* Pods-livetyping.release.xcconfig */,
			);
			path = Pods;
			sourceTree = "<group>";
		};
/* End PBXGroup section */

/* Begin PBXNativeTarget section */
		A72A7EB7239664E9001F4C8E /* livetyping */ = {
			isa = PBXNativeTarget;
			buildConfigurationList = A72A7ECA239664EB001F4C8E /* Build configuration list for PBXNativeTarget "livetyping" */;
			buildPhases = (
				251D25463252DCCD3269B8ED /* [CP] Check Pods Manifest.lock */,
				A72A7EB4239664E9001F4C8E /* Sources */,
				A72A7EB5239664E9001F4C8E /* Frameworks */,
				A72A7EB6239664E9001F4C8E /* Resources */,
				AE2159EF6E4F468DC2D7DCCB /* [CP] Embed Pods Frameworks */,
			);
			buildRules = (
			);
			dependencies = (
			);
			name = livetyping;
			productName = livetyping;
			productReference = A72A7EB8239664E9001F4C8E /* livetyping.app */;
			productType = "com.apple.product-type.application";
		};
/* End PBXNativeTarget section */

/* Begin PBXProject section */
		A72A7EB0239664E9001F4C8E /* Project object */ = {
			isa = PBXProject;
			attributes = {
				LastSwiftUpdateCheck = 1020;
				LastUpgradeCheck = 1020;
				ORGANIZATIONNAME = "Павел Пособило";
				TargetAttributes = {
					A72A7EB7239664E9001F4C8E = {
						CreatedOnToolsVersion = 10.2.1;
					};
				};
			};
			buildConfigurationList = A72A7EB3239664E9001F4C8E /* Build configuration list for PBXProject "livetyping" */;
			compatibilityVersion = "Xcode 9.3";
			developmentRegion = en;
			hasScannedForEncodings = 0;
			knownRegions = (
				en,
				Base,
			);
			mainGroup = A72A7EAF239664E9001F4C8E;
			productRefGroup = A72A7EB9239664E9001F4C8E /* Products */;
			projectDirPath = "";
			projectRoot = "";
			targets = (
				A72A7EB7239664E9001F4C8E /* livetyping */,
			);
		};
/* End PBXProject section */

/* Begin PBXResourcesBuildPhase section */
		A72A7EB6239664E9001F4C8E /* Resources */ = {
			isa = PBXResourcesBuildPhase;
			buildActionMask = 2147483647;
			files = (
				A72A7EC6239664EB001F4C8E /* LaunchScreen.storyboard in Resources */,
				A72A7EC3239664EB001F4C8E /* Assets.xcassets in Resources */,
				A7E416F6239FF09500FB16E3 /* DrinksTableViewCell.xib in Resources */,
				A7E416EB239FEC5600FB16E3 /* Filters.storyboard in Resources */,
				A7E416F1239FF07E00FB16E3 /* FilterTableViewCell.xib in Resources */,
				A72A7EC1239664E9001F4C8E /* Main.storyboard in Resources */,
			);
			runOnlyForDeploymentPostprocessing = 0;
		};
/* End PBXResourcesBuildPhase section */

/* Begin PBXShellScriptBuildPhase section */
		251D25463252DCCD3269B8ED /* [CP] Check Pods Manifest.lock */ = {
			isa = PBXShellScriptBuildPhase;
			buildActionMask = 2147483647;
			files = (
			);
			inputFileListPaths = (
			);
			inputPaths = (
				"${PODS_PODFILE_DIR_PATH}/Podfile.lock",
				"${PODS_ROOT}/Manifest.lock",
			);
			name = "[CP] Check Pods Manifest.lock";
			outputFileListPaths = (
			);
			outputPaths = (
				"$(DERIVED_FILE_DIR)/Pods-livetyping-checkManifestLockResult.txt",
			);
			runOnlyForDeploymentPostprocessing = 0;
			shellPath = /bin/sh;
			shellScript = "diff \"${PODS_PODFILE_DIR_PATH}/Podfile.lock\" \"${PODS_ROOT}/Manifest.lock\" > /dev/null\nif [ $? != 0 ] ; then\n    # print error to STDERR\n    echo \"error: The sandbox is not in sync with the Podfile.lock. Run 'pod install' or update your CocoaPods installation.\" >&2\n    exit 1\nfi\n# This output is used by Xcode 'outputs' to avoid re-running this script phase.\necho \"SUCCESS\" > \"${SCRIPT_OUTPUT_FILE_0}\"\n";
			showEnvVarsInLog = 0;
		};
		AE2159EF6E4F468DC2D7DCCB /* [CP] Embed Pods Frameworks */ = {
			isa = PBXShellScriptBuildPhase;
			buildActionMask = 2147483647;
			files = (
			);
			inputFileListPaths = (
				"${PODS_ROOT}/Target Support Files/Pods-livetyping/Pods-livetyping-frameworks-${CONFIGURATION}-input-files.xcfilelist",
			);
			name = "[CP] Embed Pods Frameworks";
			outputFileListPaths = (
				"${PODS_ROOT}/Target Support Files/Pods-livetyping/Pods-livetyping-frameworks-${CONFIGURATION}-output-files.xcfilelist",
			);
			runOnlyForDeploymentPostprocessing = 0;
			shellPath = /bin/sh;
			shellScript = "\"${PODS_ROOT}/Target Support Files/Pods-livetyping/Pods-livetyping-frameworks.sh\"\n";
			showEnvVarsInLog = 0;
		};
/* End PBXShellScriptBuildPhase section */

/* Begin PBXSourcesBuildPhase section */
		A72A7EB4239664E9001F4C8E /* Sources */ = {
			isa = PBXSourcesBuildPhase;
			buildActionMask = 2147483647;
			files = (
				A72A7EBE239664E9001F4C8E /* DrinksListViewController.swift in Sources */,
				A7E416F9239FF41900FB16E3 /* UIView+Extension.swift in Sources */,
				A72A7EBC239664E9001F4C8E /* AppDelegate.swift in Sources */,
				A7E416F5239FF09500FB16E3 /* DrinksTableViewCell.swift in Sources */,
				A7E4155C2399482E00FB16E3 /* CocktailDBList.swift in Sources */,
				A7E415582399298D00FB16E3 /* CocktailService.swift in Sources */,
				A7E4155E239949D600FB16E3 /* NetworkProvider.swift in Sources */,
				A7E4156023994E7100FB16E3 /* Cocktail.swift in Sources */,
				A7E4156223994E7900FB16E3 /* Category.swift in Sources */,
				A7E41564239958B900FB16E3 /* CocktailsDataSource.swift in Sources */,
				A7E416F0239FF07E00FB16E3 /* FilterTableViewCell.swift in Sources */,
				A7E416C9239FD27700FB16E3 /* FiltersListViewController.swift in Sources */,
				A7E41566239A796300FB16E3 /* DrinksListTableViewManager.swift in Sources */,
			);
			runOnlyForDeploymentPostprocessing = 0;
		};
/* End PBXSourcesBuildPhase section */

/* Begin PBXVariantGroup section */
		A72A7EBF239664E9001F4C8E /* Main.storyboard */ = {
			isa = PBXVariantGroup;
			children = (
				A72A7EC0239664E9001F4C8E /* Base */,
			);
			name = Main.storyboard;
			sourceTree = "<group>";
		};
		A72A7EC4239664EB001F4C8E /* LaunchScreen.storyboard */ = {
			isa = PBXVariantGroup;
			children = (
				A72A7EC5239664EB001F4C8E /* Base */,
			);
			name = LaunchScreen.storyboard;
			sourceTree = "<group>";
		};
/* End PBXVariantGroup section */

/* Begin XCBuildConfiguration section */
		A72A7EC8239664EB001F4C8E /* Debug */ = {
			isa = XCBuildConfiguration;
			buildSettings = {
				ALWAYS_SEARCH_USER_PATHS = NO;
				CLANG_ANALYZER_NONNULL = YES;
				CLANG_ANALYZER_NUMBER_OBJECT_CONVERSION = YES_AGGRESSIVE;
				CLANG_CXX_LANGUAGE_STANDARD = "gnu++14";
				CLANG_CXX_LIBRARY = "libc++";
				CLANG_ENABLE_MODULES = YES;
				CLANG_ENABLE_OBJC_ARC = YES;
				CLANG_ENABLE_OBJC_WEAK = YES;
				CLANG_WARN_BLOCK_CAPTURE_AUTORELEASING = YES;
				CLANG_WARN_BOOL_CONVERSION = YES;
				CLANG_WARN_COMMA = YES;
				CLANG_WARN_CONSTANT_CONVERSION = YES;
				CLANG_WARN_DEPRECATED_OBJC_IMPLEMENTATIONS = YES;
				CLANG_WARN_DIRECT_OBJC_ISA_USAGE = YES_ERROR;
				CLANG_WARN_DOCUMENTATION_COMMENTS = YES;
				CLANG_WARN_EMPTY_BODY = YES;
				CLANG_WARN_ENUM_CONVERSION = YES;
				CLANG_WARN_INFINITE_RECURSION = YES;
				CLANG_WARN_INT_CONVERSION = YES;
				CLANG_WARN_NON_LITERAL_NULL_CONVERSION = YES;
				CLANG_WARN_OBJC_IMPLICIT_RETAIN_SELF = YES;
				CLANG_WARN_OBJC_LITERAL_CONVERSION = YES;
				CLANG_WARN_OBJC_ROOT_CLASS = YES_ERROR;
				CLANG_WARN_RANGE_LOOP_ANALYSIS = YES;
				CLANG_WARN_STRICT_PROTOTYPES = YES;
				CLANG_WARN_SUSPICIOUS_MOVE = YES;
				CLANG_WARN_UNGUARDED_AVAILABILITY = YES_AGGRESSIVE;
				CLANG_WARN_UNREACHABLE_CODE = YES;
				CLANG_WARN__DUPLICATE_METHOD_MATCH = YES;
				CODE_SIGN_IDENTITY = "iPhone Developer";
				COPY_PHASE_STRIP = NO;
				DEBUG_INFORMATION_FORMAT = dwarf;
				ENABLE_STRICT_OBJC_MSGSEND = YES;
				ENABLE_TESTABILITY = YES;
				GCC_C_LANGUAGE_STANDARD = gnu11;
				GCC_DYNAMIC_NO_PIC = NO;
				GCC_NO_COMMON_BLOCKS = YES;
				GCC_OPTIMIZATION_LEVEL = 0;
				GCC_PREPROCESSOR_DEFINITIONS = (
					"DEBUG=1",
					"$(inherited)",
				);
				GCC_WARN_64_TO_32_BIT_CONVERSION = YES;
				GCC_WARN_ABOUT_RETURN_TYPE = YES_ERROR;
				GCC_WARN_UNDECLARED_SELECTOR = YES;
				GCC_WARN_UNINITIALIZED_AUTOS = YES_AGGRESSIVE;
				GCC_WARN_UNUSED_FUNCTION = YES;
				GCC_WARN_UNUSED_VARIABLE = YES;
				IPHONEOS_DEPLOYMENT_TARGET = 12.2;
				MTL_ENABLE_DEBUG_INFO = INCLUDE_SOURCE;
				MTL_FAST_MATH = YES;
				ONLY_ACTIVE_ARCH = YES;
				SDKROOT = iphoneos;
				SWIFT_ACTIVE_COMPILATION_CONDITIONS = DEBUG;
				SWIFT_OPTIMIZATION_LEVEL = "-Onone";
			};
			name = Debug;
		};
		A72A7EC9239664EB001F4C8E /* Release */ = {
			isa = XCBuildConfiguration;
			buildSettings = {
				ALWAYS_SEARCH_USER_PATHS = NO;
				CLANG_ANALYZER_NONNULL = YES;
				CLANG_ANALYZER_NUMBER_OBJECT_CONVERSION = YES_AGGRESSIVE;
				CLANG_CXX_LANGUAGE_STANDARD = "gnu++14";
				CLANG_CXX_LIBRARY = "libc++";
				CLANG_ENABLE_MODULES = YES;
				CLANG_ENABLE_OBJC_ARC = YES;
				CLANG_ENABLE_OBJC_WEAK = YES;
				CLANG_WARN_BLOCK_CAPTURE_AUTORELEASING = YES;
				CLANG_WARN_BOOL_CONVERSION = YES;
				CLANG_WARN_COMMA = YES;
				CLANG_WARN_CONSTANT_CONVERSION = YES;
				CLANG_WARN_DEPRECATED_OBJC_IMPLEMENTATIONS = YES;
				CLANG_WARN_DIRECT_OBJC_ISA_USAGE = YES_ERROR;
				CLANG_WARN_DOCUMENTATION_COMMENTS = YES;
				CLANG_WARN_EMPTY_BODY = YES;
				CLANG_WARN_ENUM_CONVERSION = YES;
				CLANG_WARN_INFINITE_RECURSION = YES;
				CLANG_WARN_INT_CONVERSION = YES;
				CLANG_WARN_NON_LITERAL_NULL_CONVERSION = YES;
				CLANG_WARN_OBJC_IMPLICIT_RETAIN_SELF = YES;
				CLANG_WARN_OBJC_LITERAL_CONVERSION = YES;
				CLANG_WARN_OBJC_ROOT_CLASS = YES_ERROR;
				CLANG_WARN_RANGE_LOOP_ANALYSIS = YES;
				CLANG_WARN_STRICT_PROTOTYPES = YES;
				CLANG_WARN_SUSPICIOUS_MOVE = YES;
				CLANG_WARN_UNGUARDED_AVAILABILITY = YES_AGGRESSIVE;
				CLANG_WARN_UNREACHABLE_CODE = YES;
				CLANG_WARN__DUPLICATE_METHOD_MATCH = YES;
				CODE_SIGN_IDENTITY = "iPhone Developer";
				COPY_PHASE_STRIP = NO;
				DEBUG_INFORMATION_FORMAT = "dwarf-with-dsym";
				ENABLE_NS_ASSERTIONS = NO;
				ENABLE_STRICT_OBJC_MSGSEND = YES;
				GCC_C_LANGUAGE_STANDARD = gnu11;
				GCC_NO_COMMON_BLOCKS = YES;
				GCC_WARN_64_TO_32_BIT_CONVERSION = YES;
				GCC_WARN_ABOUT_RETURN_TYPE = YES_ERROR;
				GCC_WARN_UNDECLARED_SELECTOR = YES;
				GCC_WARN_UNINITIALIZED_AUTOS = YES_AGGRESSIVE;
				GCC_WARN_UNUSED_FUNCTION = YES;
				GCC_WARN_UNUSED_VARIABLE = YES;
				IPHONEOS_DEPLOYMENT_TARGET = 12.2;
				MTL_ENABLE_DEBUG_INFO = NO;
				MTL_FAST_MATH = YES;
				SDKROOT = iphoneos;
				SWIFT_COMPILATION_MODE = wholemodule;
				SWIFT_OPTIMIZATION_LEVEL = "-O";
				VALIDATE_PRODUCT = YES;
			};
			name = Release;
		};
		A72A7ECB239664EB001F4C8E /* Debug */ = {
			isa = XCBuildConfiguration;
			baseConfigurationReference = A9A9543BB819DB0F2E606F66 /* Pods-livetyping.debug.xcconfig */;
			buildSettings = {
				ASSETCATALOG_COMPILER_APPICON_NAME = AppIcon;
				CODE_SIGN_STYLE = Automatic;
				INFOPLIST_FILE = livetyping/Info.plist;
				LD_RUNPATH_SEARCH_PATHS = (
					"$(inherited)",
					"@executable_path/Frameworks",
				);
				PRODUCT_BUNDLE_IDENTIFIER = com.czarapps.livetyping;
				PRODUCT_NAME = "$(TARGET_NAME)";
				SWIFT_VERSION = 5.0;
				TARGETED_DEVICE_FAMILY = "1,2";
			};
			name = Debug;
		};
		A72A7ECC239664EB001F4C8E /* Release */ = {
			isa = XCBuildConfiguration;
			baseConfigurationReference = 806B58780616FBE12A5D185B /* Pods-livetyping.release.xcconfig */;
			buildSettings = {
				ASSETCATALOG_COMPILER_APPICON_NAME = AppIcon;
				CODE_SIGN_STYLE = Automatic;
				INFOPLIST_FILE = livetyping/Info.plist;
				LD_RUNPATH_SEARCH_PATHS = (
					"$(inherited)",
					"@executable_path/Frameworks",
				);
				PRODUCT_BUNDLE_IDENTIFIER = com.czarapps.livetyping;
				PRODUCT_NAME = "$(TARGET_NAME)";
				SWIFT_VERSION = 5.0;
				TARGETED_DEVICE_FAMILY = "1,2";
			};
			name = Release;
		};
/* End XCBuildConfiguration section */

/* Begin XCConfigurationList section */
		A72A7EB3239664E9001F4C8E /* Build configuration list for PBXProject "livetyping" */ = {
			isa = XCConfigurationList;
			buildConfigurations = (
				A72A7EC8239664EB001F4C8E /* Debug */,
				A72A7EC9239664EB001F4C8E /* Release */,
			);
			defaultConfigurationIsVisible = 0;
			defaultConfigurationName = Release;
		};
		A72A7ECA239664EB001F4C8E /* Build configuration list for PBXNativeTarget "livetyping" */ = {
			isa = XCConfigurationList;
			buildConfigurations = (
				A72A7ECB239664EB001F4C8E /* Debug */,
				A72A7ECC239664EB001F4C8E /* Release */,
			);
			defaultConfigurationIsVisible = 0;
			defaultConfigurationName = Release;
		};
/* End XCConfigurationList section */
	};
	rootObject = A72A7EB0239664E9001F4C8E /* Project object */;
}
